<?xml version="1.0" encoding="utf-8"?>
<Project ToolsVersion="4.0" xmlns="http://schemas.microsoft.com/developer/msbuild/2003">
  <ItemGroup>
    <Filter Include="Source Files">
      <UniqueIdentifier>{4FC737F1-C7A5-4376-A066-2A32D752A2FF}</UniqueIdentifier>
      <Extensions>cpp;c;cc;cxx;c++;cppm;ixx;def;odl;idl;hpj;bat;asm;asmx</Extensions>
    </Filter>
    <Filter Include="Header Files">
      <UniqueIdentifier>{93995380-89BD-4b04-88EB-625FBE52EBFB}</UniqueIdentifier>
      <Extensions>h;hh;hpp;hxx;h++;hm;inl;inc;ipp;xsd</Extensions>
    </Filter>
    <Filter Include="Resource Files">
      <UniqueIdentifier>{67DA6AB6-F800-4c08-8B7A-83BB121AAD01}</UniqueIdentifier>
      <Extensions>rc;ico;cur;bmp;dlg;rc2;rct;bin;rgs;gif;jpg;jpeg;jpe;resx;tiff;tif;png;wav;mfcribbon-ms</Extensions>
    </Filter>
  </ItemGroup>
  <ItemGroup>
    <ClCompile Include="src\main.cpp">
      <Filter>Source Files</Filter>
    </ClCompile>
    <ClCompile Include="src\Level\Chunk\Chunk.cpp">
      <Filter>Source Files</Filter>
    </ClCompile>
    <ClCompile Include="src\Client\Client.cpp">
      <Filter>Source Files</Filter>
    </ClCompile>
    <ClCompile Include="src\Level\Block\Block.cpp">
      <Filter>Source Files</Filter>
    </ClCompile>
    <ClCompile Include="src\Utils\LogUtils.cpp">
      <Filter>Source Files</Filter>
    </ClCompile>
    <ClCompile Include="src\Utils\Clock.cpp">
      <Filter>Source Files</Filter>
    </ClCompile>
    <ClCompile Include="src\Utils\MathHelper.cpp">
      <Filter>Source Files</Filter>
    </ClCompile>
    <ClCompile Include="src\RenderEngine\Window.cpp">
      <Filter>Source Files</Filter>
    </ClCompile>
    <ClCompile Include="src\RenderEngine\Camera\Camera.cpp">
      <Filter>Source Files</Filter>
    </ClCompile>
    <ClCompile Include="src\RenderEngine\Frustum\frustum.cpp">
      <Filter>Source Files</Filter>
    </ClCompile>
    <ClCompile Include="src\RenderEngine\OpenGL\Buffers\Buffer.cpp">
      <Filter>Source Files</Filter>
    </ClCompile>
    <ClCompile Include="src\RenderEngine\OpenGL\Shader\Shader.cpp">
      <Filter>Source Files</Filter>
    </ClCompile>
    <ClCompile Include="src\RenderEngine\OpenGL\OpenGL.cpp">
      <Filter>Source Files</Filter>
    </ClCompile>
    <ClCompile Include="src\Level\Chunk\ChunkData.cpp">
      <Filter>Source Files</Filter>
    </ClCompile>
    <ClCompile Include="src\Client\Render\WorldRender.cpp">
      <Filter>Source Files</Filter>
    </ClCompile>
    <ClCompile Include="src\Client\Player\PlayerPOV.cpp">
      <Filter>Source Files</Filter>
    </ClCompile>
    <ClCompile Include="src\Level\TerrainGeneration\ChunkGenerator.cpp">
      <Filter>Source Files</Filter>
    </ClCompile>
    <ClCompile Include="src\RenderEngine\ChunkRender\Batch\ChunkBatch.cpp">
      <Filter>Source Files</Filter>
    </ClCompile>
    <ClCompile Include="src\RenderEngine\ChunkRender\TerrainRenderer.cpp">
      <Filter>Source Files</Filter>
    </ClCompile>
    <ClCompile Include="src\Utils\Timer\Timer.cpp">
      <Filter>Source Files</Filter>
    </ClCompile>
    <ClCompile Include="src\Level\Block\Blocks.cpp">
      <Filter>Source Files</Filter>
    </ClCompile>
    <ClCompile Include="src\Level\Event\BlockEventHandles\BlockHandles.cpp">
      <Filter>Source Files</Filter>
    </ClCompile>
    <ClCompile Include="src\Utils\Math\Probability\Probability.cpp">
      <Filter>Source Files</Filter>
    </ClCompile>
    <ClCompile Include="src\RenderEngine\EntityRender\Models\EntityModels.cpp">
      <Filter>Source Files</Filter>
    </ClCompile>
    <ClCompile Include="src\Level\Entity\Entity.cpp">
      <Filter>Source Files</Filter>
    </ClCompile>
    <ClCompile Include="src\Level\Entity\Entities.cpp">
      <Filter>Source Files</Filter>
    </ClCompile>
    <ClCompile Include="src\Level\Event\EntityEventHandles\EntityHandles.cpp">
      <Filter>Source Files</Filter>
    </ClCompile>
    <ClCompile Include="src\Level\Item\Items.cpp">
      <Filter>Source Files</Filter>
    </ClCompile>
    <ClCompile Include="src\Client\Player\MainPlayer.cpp">
      <Filter>Source Files</Filter>
    </ClCompile>
    <ClCompile Include="src\Client\Player\PlayerMovement.cpp">
      <Filter>Source Files</Filter>
    </ClCompile>
    <ClCompile Include="src\Client\Player\WorldInteraction.cpp">
      <Filter>Source Files</Filter>
    </ClCompile>
    <ClCompile Include="src\RenderEngine\EntityRender\EntityRenderCache.cpp">
      <Filter>Source Files</Filter>
    </ClCompile>
    <ClCompile Include="src\RenderEngine\EntityRender\MultiEntityRender.cpp">
      <Filter>Source Files</Filter>
    </ClCompile>
    <ClCompile Include="src\RenderEngine\GUI\GUI.cpp">
      <Filter>Source Files</Filter>
    </ClCompile>
    <ClCompile Include="src\Level\Event\ChunkEventHandles\ChunkHandles.cpp">
      <Filter>Source Files</Filter>
    </ClCompile>
    <ClCompile Include="src\RenderEngine\GUI\Font.cpp">
      <Filter>Source Files</Filter>
    </ClCompile>
    <ClCompile Include="src\Level\World\World.cpp">
      <Filter>Source Files</Filter>
    </ClCompile>
    <ClCompile Include="src\Level\World\WorldUpdater.cpp">
      <Filter>Source Files</Filter>
    </ClCompile>
    <ClCompile Include="src\Core\Registry\ResourceLocation.cpp">
      <Filter>Source Files</Filter>
    </ClCompile>
    <ClCompile Include="src\Core\Options\Option.cpp">
      <Filter>Source Files</Filter>
    </ClCompile>
    <ClCompile Include="src\Client\IO\IO.cpp">
      <Filter>Source Files</Filter>
    </ClCompile>
    <ClCompile Include="src\FileManager\Files.cpp">
      <Filter>Source Files</Filter>
    </ClCompile>
    <ClCompile Include="src\Client\Render\DebugScreen\DebugScreen.cpp">
      <Filter>Source Files</Filter>
    </ClCompile>
    <ClCompile Include="src\Level\Level.cpp">
      <Filter>Source Files</Filter>
    </ClCompile>
    <ClCompile Include="src\Level\TerrainGeneration\Structures\Structure.cpp">
      <Filter>Source Files</Filter>
    </ClCompile>
    <ClCompile Include="src\Level\TerrainGeneration\Random\JavaRandom.cpp">
      <Filter>Source Files</Filter>
    </ClCompile>
    <ClCompile Include="src\Level\TerrainGeneration\Generators\GeneratorType.cpp">
      <Filter>Source Files</Filter>
    </ClCompile>
    <ClCompile Include="src\Level\TerrainGeneration\Generators\Superflat\Superflat.cpp">
      <Filter>Source Files</Filter>
    </ClCompile>
    <ClCompile Include="src\Level\TerrainGeneration\Generators\Mountains\Mountains.cpp">
      <Filter>Source Files</Filter>
    </ClCompile>
    <ClCompile Include="src\Level\TerrainGeneration\Generators\Math\MainWorld.cpp">
      <Filter>Source Files</Filter>
    </ClCompile>
    <ClCompile Include="src\Level\TerrainGeneration\Generators\DebugSecond\DebugSecond.cpp">
      <Filter>Source Files</Filter>
    </ClCompile>
    <ClCompile Include="src\Level\TerrainGeneration\Noisemaps\Noisemap.cpp">
      <Filter>Source Files</Filter>
    </ClCompile>
    <ClCompile Include="src\Server\Server.cpp">
      <Filter>Source Files</Filter>
    </ClCompile>
    <ClCompile Include="src\Level\Item\ItemTextureAtlas.cpp">
      <Filter>Source Files</Filter>
    </ClCompile>
    <ClCompile Include="src\Level\Item\ItemStack.cpp">
      <Filter>Source Files</Filter>
    </ClCompile>
    <ClCompile Include="src\Level\Item\Item.cpp">
      <Filter>Source Files</Filter>
    </ClCompile>
    <ClCompile Include="src\Level\Item\Inventory\Inventory.cpp">
      <Filter>Source Files</Filter>
    </ClCompile>
    <ClCompile Include="src\Level\Event\EventSystem.cpp">
      <Filter>Source Files</Filter>
    </ClCompile>
    <ClCompile Include="src\Level\Event\EventHandler.cpp">
      <Filter>Source Files</Filter>
    </ClCompile>
    <ClCompile Include="src\Level\Chunk\Heightmap\Heightmap.cpp">
      <Filter>Source Files</Filter>
    </ClCompile>
    <ClCompile Include="src\RenderEngine\BlockModel\ModelLoader.cpp">
      <Filter>Source Files</Filter>
    </ClCompile>
    <ClCompile Include="src\RenderEngine\BlockModel\BlockModels.cpp">
      <Filter>Source Files</Filter>
    </ClCompile>
    <ClCompile Include="src\RenderEngine\ChunkRender\Mesh\ChunkMesh.cpp">
      <Filter>Source Files</Filter>
    </ClCompile>
    <ClCompile Include="src\Level\TerrainGeneration\Generators\Debug\Debug.cpp">
      <Filter>Source Files</Filter>
    </ClCompile>
    <ClCompile Include="src\Client\Profiler\PerformanceProfiler.cpp">
      <Filter>Source Files</Filter>
    </ClCompile>
    <ClCompile Include="src\Level\TerrainGeneration\Generators\DebugPositioning\DebugPositioning.cpp">
      <Filter>Source Files</Filter>
    </ClCompile>
    <ClCompile Include="src\Level\Chunk\TallChunk.cpp">
      <Filter>Source Files</Filter>
    </ClCompile>
    <ClCompile Include="src\Level\Entity\Type\Hostile.cpp">
      <Filter>Source Files</Filter>
    </ClCompile>
    <ClCompile Include="src\Level\Entity\Type\FallingBlock.cpp">
      <Filter>Source Files</Filter>
    </ClCompile>
    <ClCompile Include="src\Level\Entity\Type\Passive.cpp">
      <Filter>Source Files</Filter>
    </ClCompile>
    <ClCompile Include="src\Level\Block\Type\GravityBlock.cpp">
      <Filter>Source Files</Filter>
    </ClCompile>
    <ClCompile Include="src\Level\Block\Type\Grass.cpp">
      <Filter>Source Files</Filter>
    </ClCompile>
    <ClCompile Include="src\Level\Block\Type\Fluid.cpp">
      <Filter>Source Files</Filter>
    </ClCompile>
    <ClCompile Include="src\Level\Block\Type\Dirt.cpp">
      <Filter>Source Files</Filter>
    </ClCompile>
    <ClCompile Include="src\Level\Block\Type\DefaultBlock.cpp">
      <Filter>Source Files</Filter>
    </ClCompile>
    <ClCompile Include="src\Level\Light\LightStorage.cpp">
      <Filter>Source Files</Filter>
    </ClCompile>
    <ClCompile Include="src\Level\TerrainGeneration\Generators\Generator.cpp">
      <Filter>Source Files</Filter>
    </ClCompile>
    <ClCompile Include="src\Level\Chunk\Palette.cpp">
      <Filter>Source Files</Filter>
    </ClCompile>
    <ClCompile Include="src\Level\Container\EntityContainer.cpp">
      <Filter>Source Files</Filter>
    </ClCompile>
    <ClCompile Include="src\RenderEngine\OpenGL\Texture\Texture.cpp">
      <Filter>Source Files</Filter>
    </ClCompile>
    <ClCompile Include="src\RenderEngine\OpenGL\Texture\Types\Texture2D.cpp">
      <Filter>Source Files</Filter>
    </ClCompile>
    <ClCompile Include="src\RenderEngine\OpenGL\Texture\Types\TextureArray.cpp">
      <Filter>Source Files</Filter>
    </ClCompile>
    <ClCompile Include="src\RenderEngine\OpenGL\Texture\Types\TextureAtlas.cpp">
      <Filter>Source Files</Filter>
    </ClCompile>
    <ClCompile Include="src\RenderEngine\OpenGL\Framebuffer\Framebuffer.cpp">
      <Filter>Source Files</Filter>
    </ClCompile>
    <ClCompile Include="src\RenderEngine\OpenGL\Buffers\BufferStorage.cpp">
      <Filter>Source Files</Filter>
    </ClCompile>
    <ClCompile Include="src\RenderEngine\OpenGL\Buffers\VertexArray.cpp">
      <Filter>Source Files</Filter>
    </ClCompile>
    <ClCompile Include="src\RenderEngine\ItemRender\BlockItemRender.cpp">
      <Filter>Source Files</Filter>
    </ClCompile>
    <ClCompile Include="src\RenderEngine\GUI\TextRenderer.cpp">
      <Filter>Source Files</Filter>
    </ClCompile>
    <ClCompile Include="src\RenderEngine\GUI\GUISet.cpp">
      <Filter>Source Files</Filter>
    </ClCompile>
    <ClCompile Include="src\RenderEngine\GUI\GUIObject.cpp">
      <Filter>Source Files</Filter>
    </ClCompile>
    <ClCompile Include="src\RenderEngine\ChunkRender\MemoryPool\ChunkMemoryPool.cpp">
      <Filter>Source Files</Filter>
    </ClCompile>
    <ClCompile Include="src\RenderEngine\OpenGL\Shader\ComputeShader.cpp">
      <Filter>Source Files</Filter>
    </ClCompile>
    <ClCompile Include="src\Level\Container\Region.cpp">
      <Filter>Source Files</Filter>
    </ClCompile>
    <ClCompile Include="src\Level\Container\ChunkMap.cpp">
      <Filter>Source Files</Filter>
    </ClCompile>
    <ClCompile Include="src\Level\World\CollusionDetector.cpp">
      <Filter>Source Files</Filter>
    </ClCompile>
    <ClCompile Include="src\Client\ClientPlay.cpp">
      <Filter>Source Files</Filter>
    </ClCompile>
    <ClCompile Include="src\RenderEngine\OpenGL\Shader\ShaderInterface.cpp">
      <Filter>Source Files</Filter>
    </ClCompile>
    <ClCompile Include="src\Level\Dimension\Dimension.cpp">
      <Filter>Source Files</Filter>
    </ClCompile>
    <ClCompile Include="src\Level\World\WorldInterface.cpp">
      <Filter>Source Files</Filter>
    </ClCompile>
    <ClCompile Include="src\RenderEngine\ChunkRender\BlockTextureAtlas.cpp">
      <Filter>Source Files</Filter>
    </ClCompile>
    <ClCompile Include="src\Level\Chunk\ChunkRawData.cpp">
      <Filter>Source Files</Filter>
    </ClCompile>
    <ClCompile Include="src\Level\Block\Type\SolidBlock.cpp">
      <Filter>Source Files</Filter>
    </ClCompile>
    <ClCompile Include="src\Level\Block\Type\AirBlock.cpp">
      <Filter>Source Files</Filter>
    </ClCompile>
    <ClCompile Include="src\RenderEngine\OpenGL\Render\RenderDrawArrays.cpp">
      <Filter>Source Files</Filter>
    </ClCompile>
    <ClCompile Include="src\RenderEngine\OpenGL\Render\RenderObject.cpp">
      <Filter>Source Files</Filter>
    </ClCompile>
    <ClCompile Include="src\Core\Position\PositionTypes.cpp">
      <Filter>Source Files</Filter>
    </ClCompile>
    <ClCompile Include="src\Core\GameContext\GameContext.cpp">
      <Filter>Source Files</Filter>
    </ClCompile>
    <ClCompile Include="src\Client\ClientLevel\Entity\ClientEntities.cpp">
      <Filter>Source Files</Filter>
    </ClCompile>
    <ClCompile Include="src\Client\ClientLevel\ClientCache.cpp">
      <Filter>Source Files</Filter>
    </ClCompile>
    <ClCompile Include="src\Client\ClientLevel\ClientLevel.cpp">
      <Filter>Source Files</Filter>
    </ClCompile>
    <ClCompile Include="src\Level\Entity\EntityType.cpp">
      <Filter>Source Files</Filter>
    </ClCompile>
    <ClCompile Include="src\RenderEngine\OpenGL\Render\RenderDrawElements.cpp">
      <Filter>Source Files</Filter>
    </ClCompile>
    <ClCompile Include="src\RenderEngine\UI\Widgets\Widget.cpp">
      <Filter>Source Files</Filter>
    </ClCompile>
    <ClCompile Include="src\Level\Dimension\Dimensions\Overworld.cpp">
      <Filter>Source Files</Filter>
    </ClCompile>
    <ClCompile Include="src\RenderEngine\BlockModel\BlockModelManager.cpp">
      <Filter>Source Files</Filter>
    </ClCompile>
    <ClCompile Include="src\RenderEngine\ChunkRender\Mesh\BlockVertexFormat.cpp">
      <Filter>Source Files</Filter>
    </ClCompile>
    <ClCompile Include="src\Level\Light\BlockLightEngine.cpp">
      <Filter>Source Files</Filter>
    </ClCompile>
    <ClCompile Include="src\Level\Light\ChunkLightTask.cpp">
      <Filter>Source Files</Filter>
    </ClCompile>
    <ClCompile Include="src\Level\Light\LightEngine.cpp">
      <Filter>Source Files</Filter>
    </ClCompile>
    <ClCompile Include="src\Level\Light\SkyLightEngine.cpp">
      <Filter>Source Files</Filter>
    </ClCompile>
    <ClCompile Include="src\Level\Light\ThreadedLightEngine.cpp">
      <Filter>Source Files</Filter>
    </ClCompile>
    <ClCompile Include="src\Level\Light\LightEngineCache.cpp">
      <Filter>Source Files</Filter>
    </ClCompile>
    <ClCompile Include="src\Utils\Containers\NBitVector.cpp">
      <Filter>Source Files</Filter>
    </ClCompile>
  </ItemGroup>
  <ItemGroup>
    <ClInclude Include="src\Level\Chunk\Chunk.h">
      <Filter>Header Files</Filter>
    </ClInclude>
    <ClInclude Include="src\Client\Client.h">
      <Filter>Header Files</Filter>
    </ClInclude>
    <ClInclude Include="src\Level\Block\Block.h">
      <Filter>Header Files</Filter>
    </ClInclude>
    <ClInclude Include="src\Level\Block\Blocks.h">
      <Filter>Header Files</Filter>
    </ClInclude>
    <ClInclude Include="src\Utils\LogUtils.h">
      <Filter>Header Files</Filter>
    </ClInclude>
    <ClInclude Include="src\Utils\Clock.h">
      <Filter>Header Files</Filter>
    </ClInclude>
    <ClInclude Include="src\Utils\FastNoiseLite.h">
      <Filter>Header Files</Filter>
    </ClInclude>
    <ClInclude Include="src\Utils\MathHelper.h">
      <Filter>Header Files</Filter>
    </ClInclude>
    <ClInclude Include="src\Utils\stb_image.h">
      <Filter>Header Files</Filter>
    </ClInclude>
    <ClInclude Include="src\RenderEngine\Window.h">
      <Filter>Header Files</Filter>
    </ClInclude>
    <ClInclude Include="src\Level\Chunk\ChunkData.h">
      <Filter>Header Files</Filter>
    </ClInclude>
    <ClInclude Include="src\RenderEngine\Camera\Camera.h">
      <Filter>Header Files</Filter>
    </ClInclude>
    <ClInclude Include="src\RenderEngine\ChunkRenderer\Mesh\BakedChunkMesh.h">
      <Filter>Header Files</Filter>
    </ClInclude>
    <ClInclude Include="src\RenderEngine\ChunkRenderer\Mesh\Mesher.h">
      <Filter>Header Files</Filter>
    </ClInclude>
    <ClInclude Include="src\RenderEngine\Frustum\frustum.h">
      <Filter>Header Files</Filter>
    </ClInclude>
    <ClInclude Include="src\RenderEngine\OpenGL\Buffers\Buffer.h">
      <Filter>Header Files</Filter>
    </ClInclude>
    <ClInclude Include="src\RenderEngine\OpenGL\Framebuffer\Framebuffer.h">
      <Filter>Header Files</Filter>
    </ClInclude>
    <ClInclude Include="src\RenderEngine\OpenGL\Shader\Shader.h">
      <Filter>Header Files</Filter>
    </ClInclude>
    <ClInclude Include="src\RenderEngine\OpenGL\Texture\Types\Texture2D.h">
      <Filter>Header Files</Filter>
    </ClInclude>
    <ClInclude Include="src\RenderEngine\OpenGL\Texture\Types\TextureArray.h">
      <Filter>Header Files</Filter>
    </ClInclude>
    <ClInclude Include="src\RenderEngine\OpenGL\Texture\Texture.h">
      <Filter>Header Files</Filter>
    </ClInclude>
    <ClInclude Include="src\RenderEngine\OpenGL\OpenGL.h">
      <Filter>Header Files</Filter>
    </ClInclude>
    <ClInclude Include="src\Client\Player.h">
      <Filter>Header Files</Filter>
    </ClInclude>
    <ClInclude Include="src\Client\Render\WorldRender.h">
      <Filter>Header Files</Filter>
    </ClInclude>
    <ClInclude Include="src\Utils\Math\Ray\Ray.h">
      <Filter>Header Files</Filter>
    </ClInclude>
    <ClInclude Include="src\Client\Player\PlayerPOV.h">
      <Filter>Header Files</Filter>
    </ClInclude>
    <ClInclude Include="src\Level\Entity\Entities.h">
      <Filter>Header Files</Filter>
    </ClInclude>
    <ClInclude Include="src\Level\Entity\Collusion\Hitbox.h">
      <Filter>Header Files</Filter>
    </ClInclude>
    <ClInclude Include="src\Level\Entity\Type\EntityType.h">
      <Filter>Header Files</Filter>
    </ClInclude>
    <ClInclude Include="src\Level\Entity\Entity.h">
      <Filter>Header Files</Filter>
    </ClInclude>
    <ClInclude Include="src\Level\TerrainGeneration\ChunkGenerator.h">
      <Filter>Header Files</Filter>
    </ClInclude>
    <ClInclude Include="src\RenderEngine\EntityRender\Models\EntityModel.h">
      <Filter>Header Files</Filter>
    </ClInclude>
    <ClInclude Include="src\RenderEngine\ChunkRender\Batch\ChunkBatch.h">
      <Filter>Header Files</Filter>
    </ClInclude>
    <ClInclude Include="src\RenderEngine\ChunkRender\TerrainRenderer.h">
      <Filter>Header Files</Filter>
    </ClInclude>
    <ClInclude Include="src\Level\TerrainGeneration\Structures\Structure.h">
      <Filter>Header Files</Filter>
    </ClInclude>
    <ClInclude Include="src\Level\Block\Type\Grass.h">
      <Filter>Header Files</Filter>
    </ClInclude>
    <ClInclude Include="src\Utils\Timer\Timer.h">
      <Filter>Header Files</Filter>
    </ClInclude>
    <ClInclude Include="src\Utils\Math\vectorOperations.h">
      <Filter>Header Files</Filter>
    </ClInclude>
    <ClInclude Include="src\Level\Event\EventSystem.h">
      <Filter>Header Files</Filter>
    </ClInclude>
    <ClInclude Include="src\Level\Event\Event.h">
      <Filter>Header Files</Filter>
    </ClInclude>
    <ClInclude Include="src\Level\Event\EventHandler.h">
      <Filter>Header Files</Filter>
    </ClInclude>
    <ClInclude Include="src\Level\Block\Type\Dirt.h">
      <Filter>Header Files</Filter>
    </ClInclude>
    <ClInclude Include="src\Level\Event\BlockEventHandles\BlockHandles.h">
      <Filter>Header Files</Filter>
    </ClInclude>
    <ClInclude Include="src\Utils\Math\Probability\Probability.h">
      <Filter>Header Files</Filter>
    </ClInclude>
    <ClInclude Include="src\Level\Block\Type\Fluid.h">
      <Filter>Header Files</Filter>
    </ClInclude>
    <ClInclude Include="src\Level\Block\Type\BlockTypes.h">
      <Filter>Header Files</Filter>
    </ClInclude>
    <ClInclude Include="src\Level\Entity\Properties\EntityProperties.h">
      <Filter>Header Files</Filter>
    </ClInclude>
    <ClInclude Include="src\Level\Container\EntityContainer.h">
      <Filter>Header Files</Filter>
    </ClInclude>
    <ClInclude Include="src\Level\Entity\Type\Passive.h">
      <Filter>Header Files</Filter>
    </ClInclude>
    <ClInclude Include="src\RenderEngine\EntityRender\EntityRenderCache.h">
      <Filter>Header Files</Filter>
    </ClInclude>
    <ClInclude Include="src\Level\Entity\Type\FallingBlock.h">
      <Filter>Header Files</Filter>
    </ClInclude>
    <ClInclude Include="src\Level\Entity\Type\Hostile.h">
      <Filter>Header Files</Filter>
    </ClInclude>
    <ClInclude Include="src\Level\Block\Type\GravityBlock.h">
      <Filter>Header Files</Filter>
    </ClInclude>
    <ClInclude Include="src\Level\Event\EntityEventHandles\EntityHandles.h">
      <Filter>Header Files</Filter>
    </ClInclude>
    <ClInclude Include="src\Core\Typenames.h">
      <Filter>Header Files</Filter>
    </ClInclude>
    <ClInclude Include="src\Level\Entity\Type\Types.h">
      <Filter>Header Files</Filter>
    </ClInclude>
    <ClInclude Include="src\Level\Item\Inventory\Inventory.h">
      <Filter>Header Files</Filter>
    </ClInclude>
    <ClInclude Include="src\Client\Player\MainPlayer.h">
      <Filter>Header Files</Filter>
    </ClInclude>
    <ClInclude Include="src\Level\Item\Item.h">
      <Filter>Header Files</Filter>
    </ClInclude>
    <ClInclude Include="src\Level\Item\ItemStack.h">
      <Filter>Header Files</Filter>
    </ClInclude>
    <ClInclude Include="src\Level\Item\Type\BlockItem.h">
      <Filter>Header Files</Filter>
    </ClInclude>
    <ClInclude Include="src\Level\Item\Inventory\PlayerInventory.h">
      <Filter>Header Files</Filter>
    </ClInclude>
    <ClInclude Include="src\Level\Item\Items.h">
      <Filter>Header Files</Filter>
    </ClInclude>
    <ClInclude Include="src\Client\IO\IO.h">
      <Filter>Header Files</Filter>
    </ClInclude>
    <ClInclude Include="src\Client\IO\KEY_CODE.h">
      <Filter>Header Files</Filter>
    </ClInclude>
    <ClInclude Include="src\Client\Player\WorldInteraction.h">
      <Filter>Header Files</Filter>
    </ClInclude>
    <ClInclude Include="src\Level\Item\Inventory\EntityInventory.h">
      <Filter>Header Files</Filter>
    </ClInclude>
    <ClInclude Include="src\Client\Player\PlayerMovement.h">
      <Filter>Header Files</Filter>
    </ClInclude>
    <ClInclude Include="src\Client\Render\WorldRenderInfo.h">
      <Filter>Header Files</Filter>
    </ClInclude>
    <ClInclude Include="src\Level\Entity\Mobs\Player.h">
      <Filter>Header Files</Filter>
    </ClInclude>
    <ClInclude Include="src\RenderEngine\GUI\GUIObject.h">
      <Filter>Header Files</Filter>
    </ClInclude>
    <ClInclude Include="src\RenderEngine\GUI\GUI.h">
      <Filter>Header Files</Filter>
    </ClInclude>
    <ClInclude Include="src\RenderEngine\GUI\GUISet.h">
      <Filter>Header Files</Filter>
    </ClInclude>
    <ClInclude Include="src\Level\Item\ItemTextureAtlas.h">
      <Filter>Header Files</Filter>
    </ClInclude>
    <ClInclude Include="src\RenderEngine\ItemRender\BlockItemRender.h">
      <Filter>Header Files</Filter>
    </ClInclude>
    <ClInclude Include="src\RenderEngine\ChunkRender\MemoryPool\ChunkMemoryPool.h">
      <Filter>Header Files</Filter>
    </ClInclude>
    <ClInclude Include="src\Level\TerrainGeneration\Generators\Generator.h">
      <Filter>Header Files</Filter>
    </ClInclude>
    <ClInclude Include="src\Level\TerrainGeneration\Generators\Mountains\Mountains.h">
      <Filter>Header Files</Filter>
    </ClInclude>
    <ClInclude Include="src\Level\TerrainGeneration\Generators\Superflat\Superflat.h">
      <Filter>Header Files</Filter>
    </ClInclude>
    <ClInclude Include="src\Level\TerrainGeneration\Generators\Math\MathWorld.h">
      <Filter>Header Files</Filter>
    </ClInclude>
    <ClInclude Include="src\Level\TerrainGeneration\Generators\DebugSecond\DebugSecond.h">
      <Filter>Header Files</Filter>
    </ClInclude>
    <ClInclude Include="src\Level\TerrainGeneration\Generators\Generators.h">
      <Filter>Header Files</Filter>
    </ClInclude>
    <ClInclude Include="src\Level\TerrainGeneration\Generators\GeneratorType.h">
      <Filter>Header Files</Filter>
    </ClInclude>
    <ClInclude Include="src\FileManager\Files.h">
      <Filter>Header Files</Filter>
    </ClInclude>
    <ClInclude Include="src\Level\TerrainGeneration\Noisemaps\Noisemap.h">
      <Filter>Header Files</Filter>
    </ClInclude>
    <ClInclude Include="src\Level\TerrainGeneration\Noisemaps\TerrainParameters.h">
      <Filter>Header Files</Filter>
    </ClInclude>
    <ClInclude Include="src\Core\Options\Option.h">
      <Filter>Header Files</Filter>
    </ClInclude>
    <ClInclude Include="src\RenderEngine\ChunkRender\Batch\RenderCommandBuffer.h">
      <Filter>Header Files</Filter>
    </ClInclude>
    <ClInclude Include="src\RenderEngine\BlockModel\RectangularModel.h">
      <Filter>Header Files</Filter>
    </ClInclude>
    <ClInclude Include="src\RenderEngine\BlockModel\BlockModels.h">
      <Filter>Header Files</Filter>
    </ClInclude>
    <ClInclude Include="src\Core\Registry\Registry.h">
      <Filter>Header Files</Filter>
    </ClInclude>
    <ClInclude Include="src\Core\Registry\ResourceLocation.h">
      <Filter>Header Files</Filter>
    </ClInclude>
    <ClInclude Include="src\Level\TerrainGeneration\Noisemaps\NoiseOctave.h">
      <Filter>Header Files</Filter>
    </ClInclude>
    <ClInclude Include="src\Level\TerrainGeneration\Noisemaps\Noise.h">
      <Filter>Header Files</Filter>
    </ClInclude>
    <ClInclude Include="src\Level\TerrainGeneration\Random\JavaRandom.h">
      <Filter>Header Files</Filter>
    </ClInclude>
    <ClInclude Include="src\Level\Light\LightStorage.h">
      <Filter>Header Files</Filter>
    </ClInclude>
    <ClInclude Include="src\Level\Event\ChunkEventHandles\ChunkHandles.h">
      <Filter>Header Files</Filter>
    </ClInclude>
    <ClInclude Include="src\RenderEngine\GUI\Font.h">
      <Filter>Header Files</Filter>
    </ClInclude>
    <ClInclude Include="src\RenderEngine\GUI\TextRenderer.h">
      <Filter>Header Files</Filter>
    </ClInclude>
    <ClInclude Include="src\Client\Render\DebugScreen\DebugScreen.h">
      <Filter>Header Files</Filter>
    </ClInclude>
    <ClInclude Include="src\Level\Level.h">
      <Filter>Header Files</Filter>
    </ClInclude>
    <ClInclude Include="src\Level\Dimension\Dimension.h">
      <Filter>Header Files</Filter>
    </ClInclude>
    <ClInclude Include="src\Level\World\World.h">
      <Filter>Header Files</Filter>
    </ClInclude>
    <ClInclude Include="src\Level\Dimension\DimensionProperties.h">
      <Filter>Header Files</Filter>
    </ClInclude>
    <ClInclude Include="src\Level\World\WorldParameters.h">
      <Filter>Header Files</Filter>
    </ClInclude>
    <ClInclude Include="src\Level\World\WorldUpdater.h">
      <Filter>Header Files</Filter>
    </ClInclude>
    <ClInclude Include="src\Level\Dimension\Dimensions\Overworld.h">
      <Filter>Header Files</Filter>
    </ClInclude>
    <ClInclude Include="src\Server\Server.h">
      <Filter>Header Files</Filter>
    </ClInclude>
    <ClInclude Include="src\Level\Chunk\Heightmap\Heightmap.h">
      <Filter>Header Files</Filter>
    </ClInclude>
    <ClInclude Include="src\Level\TerrainGeneration\GenLayer\CombineLayers.h">
      <Filter>Header Files</Filter>
    </ClInclude>
    <ClInclude Include="src\Level\Chunk\TallChunk.h">
      <Filter>Header Files</Filter>
    </ClInclude>
    <ClInclude Include="src\Level\TerrainGeneration\MapGen\MapGenBase.h">
      <Filter>Header Files</Filter>
    </ClInclude>
    <ClInclude Include="src\RenderEngine\BlockModel\ModelLoader.h">
      <Filter>Header Files</Filter>
    </ClInclude>
    <ClInclude Include="src\RenderEngine\ChunkRender\Mesh\ChunkMesh.h">
      <Filter>Header Files</Filter>
    </ClInclude>
    <ClInclude Include="src\Level\TerrainGeneration\Generators\Debug\Debug.h">
      <Filter>Header Files</Filter>
    </ClInclude>
    <ClInclude Include="src\RenderEngine\OpenGL\Texture\Types\TextureAtlas.h">
      <Filter>Header Files</Filter>
    </ClInclude>
    <ClInclude Include="src\Client\Profiler\PerformanceProfiler.h">
      <Filter>Header Files</Filter>
    </ClInclude>
    <ClInclude Include="src\Utils\Containers\FIFOQueue.h">
      <Filter>Header Files</Filter>
    </ClInclude>
    <ClInclude Include="src\Level\TerrainGeneration\Generators\DebugPositioning\DebugPositioning.h">
      <Filter>Header Files</Filter>
    </ClInclude>
    <ClInclude Include="src\Utils\ThreadPool.h">
      <Filter>Header Files</Filter>
    </ClInclude>
    <ClInclude Include="src\Utils\Containers\robin_hood.h">
      <Filter>Header Files</Filter>
    </ClInclude>
    <ClInclude Include="src\Level\Chunk\Palette.h">
      <Filter>Header Files</Filter>
    </ClInclude>
    <ClInclude Include="src\Utils\Containers\NBitVector.h">
      <Filter>Header Files</Filter>
    </ClInclude>
    <ClInclude Include="src\Utils\Containers\N2BitVector.h">
      <Filter>Header Files</Filter>
    </ClInclude>
    <ClInclude Include="src\Level\Block\Type\DefaultBlock.h">
      <Filter>Header Files</Filter>
    </ClInclude>
    <ClInclude Include="src\Client\ClientLevel\ClientCache.h">
      <Filter>Header Files</Filter>
    </ClInclude>
    <ClInclude Include="src\Client\ClientLevel\ClientLevel.h">
      <Filter>Header Files</Filter>
    </ClInclude>
    <ClInclude Include="src\Client\ClientLevel\Entity\ClientEntities.h">
      <Filter>Header Files</Filter>
    </ClInclude>
    <ClInclude Include="src\Core\Interfaces\ServerInterface.h">
      <Filter>Header Files</Filter>
    </ClInclude>
    <ClInclude Include="src\Core\Networking\Packet.h">
      <Filter>Header Files</Filter>
    </ClInclude>
    <ClInclude Include="src\Core\Interfaces\InternalInterface.h">
      <Filter>Header Files</Filter>
    </ClInclude>
    <ClInclude Include="src\Core\Interfaces\ClientInterface.h">
      <Filter>Header Files</Filter>
    </ClInclude>
    <ClInclude Include="src\RenderEngine\OpenGL\Buffers\BufferStorage.h">
      <Filter>Header Files</Filter>
    </ClInclude>
    <ClInclude Include="src\RenderEngine\OpenGL\Buffers\VertexArray.h">
      <Filter>Header Files</Filter>
    </ClInclude>
    <ClInclude Include="src\Core\Networking\PlayerAction.h">
      <Filter>Header Files</Filter>
    </ClInclude>
    <ClInclude Include="src\Core\Networking\EntityUpdate.h">
      <Filter>Header Files</Filter>
    </ClInclude>
    <ClInclude Include="src\Core\Networking\BlockUpdate.h">
      <Filter>Header Files</Filter>
    </ClInclude>
    <ClInclude Include="src\Core\Networking\ChunkUpdate.h">
      <Filter>Header Files</Filter>
    </ClInclude>
    <ClInclude Include="src\Level\Chunk\ChunkRawData.h">
      <Filter>Header Files</Filter>
    </ClInclude>
    <ClInclude Include="src\RenderEngine\OpenGL\Shader\ComputeShader.h">
      <Filter>Header Files</Filter>
    </ClInclude>
    <ClInclude Include="src\Level\Container\ChunkMap.h">
      <Filter>Header Files</Filter>
    </ClInclude>
    <ClInclude Include="src\Level\Container\Region.h">
      <Filter>Header Files</Filter>
    </ClInclude>
    <ClInclude Include="src\Level\World\CollusionDetector.h">
      <Filter>Header Files</Filter>
    </ClInclude>
    <ClInclude Include="src\Client\ClientPlay.h">
      <Filter>Header Files</Filter>
    </ClInclude>
    <ClInclude Include="src\Core\Stats\ServerStats.h">
      <Filter>Header Files</Filter>
    </ClInclude>
    <ClInclude Include="src\RenderEngine\OpenGL\Shader\ShaderInterface.h">
      <Filter>Header Files</Filter>
    </ClInclude>
    <ClInclude Include="src\Level\World\WorldInterface.h">
      <Filter>Header Files</Filter>
    </ClInclude>
    <ClInclude Include="src\Utils\Containers\HashMapVector.h">
      <Filter>Header Files</Filter>
    </ClInclude>
    <ClInclude Include="src\RenderEngine\GUI\Item\ItemRender.h">
      <Filter>Header Files</Filter>
    </ClInclude>
    <ClInclude Include="src\RenderEngine\ChunkRender\BlockTextureAtlas.h">
      <Filter>Header Files</Filter>
    </ClInclude>
    <ClInclude Include="src\Core\Position\Direction.h">
      <Filter>Header Files</Filter>
    </ClInclude>
    <ClInclude Include="src\Level\Block\Type\SolidBlock.h">
      <Filter>Header Files</Filter>
    </ClInclude>
    <ClInclude Include="src\Level\Block\Type\AirBlock.h">
      <Filter>Header Files</Filter>
    </ClInclude>
    <ClInclude Include="src\RenderEngine\EntityRender\MultiEntityRender.h">
      <Filter>Header Files</Filter>
    </ClInclude>
    <ClInclude Include="src\Core\GameContext\GameContext.h">
      <Filter>Header Files</Filter>
    </ClInclude>
    <ClInclude Include="src\RenderEngine\UI\Display.h">
      <Filter>Header Files</Filter>
    </ClInclude>
    <ClInclude Include="src\RenderEngine\UI\DisplayVertices.h">
      <Filter>Header Files</Filter>
    </ClInclude>
    <ClInclude Include="src\RenderEngine\UI\Screen.h">
      <Filter>Header Files</Filter>
    </ClInclude>
    <ClInclude Include="src\RenderEngine\OpenGL\Render\RenderDrawArrays.h">
      <Filter>Header Files</Filter>
    </ClInclude>
    <ClInclude Include="src\RenderEngine\OpenGL\Render\RenderObject.h">
      <Filter>Header Files</Filter>
    </ClInclude>
    <ClInclude Include="src\Core\Position\Position.h">
      <Filter>Header Files</Filter>
    </ClInclude>
    <ClInclude Include="src\Core\Position\PositionTypes.h">
      <Filter>Header Files</Filter>
    </ClInclude>
    <ClInclude Include="src\Utils\Containers\PackedBitArray.h">
      <Filter>Header Files</Filter>
    </ClInclude>
    <ClInclude Include="src\Level\Entity\EntityType.h">
      <Filter>Header Files</Filter>
    </ClInclude>
    <ClInclude Include="src\RenderEngine\OpenGL\Render\RenderDrawElements.h">
      <Filter>Header Files</Filter>
    </ClInclude>
    <ClInclude Include="src\RenderEngine\UI\Data\UIVertexFormat.h">
      <Filter>Header Files</Filter>
    </ClInclude>
    <ClInclude Include="src\RenderEngine\UI\Widgets\ColoredWidget.h">
      <Filter>Header Files</Filter>
    </ClInclude>
    <ClInclude Include="src\RenderEngine\UI\Widgets\TexturedWidget.h">
      <Filter>Header Files</Filter>
    </ClInclude>
    <ClInclude Include="src\RenderEngine\UI\Widgets\Widget.h">
      <Filter>Header Files</Filter>
    </ClInclude>
    <ClInclude Include="src\RenderEngine\BlockModel\BlockModelManager.h">
      <Filter>Header Files</Filter>
    </ClInclude>
    <ClInclude Include="src\RenderEngine\ChunkRender\Mesh\BlockVertexFormat.h">
      <Filter>Header Files</Filter>
    </ClInclude>
    <ClInclude Include="src\Core\DataStructure\concurrentqueue.h">
      <Filter>Header Files</Filter>
    </ClInclude>
    <ClInclude Include="src\Core\DataStructure\AtomicNibbleArray.h">
      <Filter>Header Files</Filter>
    </ClInclude>
    <ClInclude Include="src\Core\DataStructure\blockingconcurrentqueue.h">
      <Filter>Header Files</Filter>
    </ClInclude>
    <ClInclude Include="src\Core\DataStructure\lightweightsemaphore.h">
      <Filter>Header Files</Filter>
    </ClInclude>
    <ClInclude Include="src\Core\DataStructure\OriginalConcurrentQueue.h">
      <Filter>Header Files</Filter>
    </ClInclude>
    <ClInclude Include="src\Level\Light\BlockLightEngine.h">
      <Filter>Header Files</Filter>
    </ClInclude>
    <ClInclude Include="src\Level\Light\ChunkLightTask.h">
      <Filter>Header Files</Filter>
    </ClInclude>
    <ClInclude Include="src\Level\Light\LightEngine.h">
      <Filter>Header Files</Filter>
    </ClInclude>
    <ClInclude Include="src\Level\Light\SkyLightEngine.h">
      <Filter>Header Files</Filter>
    </ClInclude>
    <ClInclude Include="src\Level\Light\ThreadedLightEngine.h">
      <Filter>Header Files</Filter>
    </ClInclude>
    <ClInclude Include="src\Level\Light\LightEngineCache.h">
      <Filter>Header Files</Filter>
    </ClInclude>
    <ClInclude Include="src\Core\DataStructure\NibbleArray.h">
      <Filter>Header Files</Filter>
    </ClInclude>
    <ClInclude Include="src\Level\Light\LightEngineStats.h">
      <Filter>Header Files</Filter>
    </ClInclude>
    <ClInclude Include="src\Utils\Iterators.h">
      <Filter>Header Files</Filter>
    </ClInclude>
  </ItemGroup>
  <ItemGroup>
    <None Include="assets\shaders\frag.glsl" />
    <None Include="assets\shaders\vert.glsl" />
    <None Include="assets\BlockTextures.json" />
    <None Include="assets\EntityShape.json" />
    <None Include="assets\GUI.json" />
    <None Include="assets\shaders\screen\frag.glsl" />
    <None Include="assets\shaders\screen\vert.glsl" />
    <None Include="assets\shaders\ItemRender\AtlasStitchFrag.glsl" />
    <None Include="assets\shaders\ItemRender\AtlasStitchVert.glsl" />
    <None Include="assets\shaders\ItemRender\BlockModelFrag.glsl" />
    <None Include="assets\shaders\ItemRender\BlockModelVert.glsl" />
    <None Include="assets\shaders\GUI\GUIFrag.glsl" />
    <None Include="assets\shaders\GUI\GUIVert.glsl" />
    <None Include="assets\shaders\Font\FontBackgroundFrag.glsl" />
    <None Include="assets\shaders\Font\FontBackgroundVert.glsl" />
    <None Include="assets\shaders\Font\FontFrag.glsl" />
    <None Include="assets\shaders\Font\FontVert.glsl" />
    <None Include="assets\shaders\Entity\MultiEntityFrag.glsl" />
    <None Include="assets\shaders\Entity\MultiEntityVert.glsl" />
  </ItemGroup>
</Project>