<?xml version="1.0" encoding="utf-8"?>
<Project ToolsVersion="4.0" xmlns="http://schemas.microsoft.com/developer/msbuild/2003">
  <ItemGroup>
    <Filter Include="Source Files">
      <UniqueIdentifier>{4FC737F1-C7A5-4376-A066-2A32D752A2FF}</UniqueIdentifier>
      <Extensions>cpp;c;cc;cxx;c++;cppm;ixx;def;odl;idl;hpj;bat;asm;asmx</Extensions>
    </Filter>
    <Filter Include="Header Files">
      <UniqueIdentifier>{93995380-89BD-4b04-88EB-625FBE52EBFB}</UniqueIdentifier>
      <Extensions>h;hh;hpp;hxx;h++;hm;inl;inc;ipp;xsd</Extensions>
    </Filter>
    <Filter Include="Resource Files">
      <UniqueIdentifier>{67DA6AB6-F800-4c08-8B7A-83BB121AAD01}</UniqueIdentifier>
      <Extensions>rc;ico;cur;bmp;dlg;rc2;rct;bin;rgs;gif;jpg;jpeg;jpe;resx;tiff;tif;png;wav;mfcribbon-ms</Extensions>
    </Filter>
  </ItemGroup>
  <ItemGroup>
    <ClCompile Include="src\main.cpp">
      <Filter>Source Files</Filter>
    </ClCompile>
    <ClCompile Include="src\Level\Chunk\Chunk.cpp">
      <Filter>Source Files</Filter>
    </ClCompile>
    <ClCompile Include="src\Client\Client.cpp">
      <Filter>Source Files</Filter>
    </ClCompile>
    <ClCompile Include="src\Level\Chunk\Block\Block.cpp">
      <Filter>Source Files</Filter>
    </ClCompile>
    <ClCompile Include="src\Utils\LogUtils.cpp">
      <Filter>Source Files</Filter>
    </ClCompile>
    <ClCompile Include="src\Utils\Clock.cpp">
      <Filter>Source Files</Filter>
    </ClCompile>
    <ClCompile Include="src\Utils\MathHelper.cpp">
      <Filter>Source Files</Filter>
    </ClCompile>
    <ClCompile Include="src\RenderEngine\Window.cpp">
      <Filter>Source Files</Filter>
    </ClCompile>
    <ClCompile Include="src\RenderEngine\Camera\camera.cpp">
      <Filter>Source Files</Filter>
    </ClCompile>
    <ClCompile Include="src\RenderEngine\Frustum\frustum.cpp">
      <Filter>Source Files</Filter>
    </ClCompile>
    <ClCompile Include="src\RenderEngine\OpenGL\Buffers\Buffer.cpp">
      <Filter>Source Files</Filter>
    </ClCompile>
    <ClCompile Include="src\RenderEngine\OpenGL\Shader\Shader.cpp">
      <Filter>Source Files</Filter>
    </ClCompile>
    <ClCompile Include="src\RenderEngine\OpenGL\Texture\ImageLoader.cpp">
      <Filter>Source Files</Filter>
    </ClCompile>
    <ClCompile Include="src\RenderEngine\OpenGL\OpenGL.cpp">
      <Filter>Source Files</Filter>
    </ClCompile>
    <ClCompile Include="src\Level\Chunk\ChunkData.cpp">
      <Filter>Source Files</Filter>
    </ClCompile>
    <ClCompile Include="src\Client\Render\WorldRender.cpp">
      <Filter>Source Files</Filter>
    </ClCompile>
    <ClCompile Include="src\Client\Render\PlayerPOV.cpp">
      <Filter>Source Files</Filter>
    </ClCompile>
    <ClCompile Include="src\Level\TerrainGeneration\Generator.cpp">
      <Filter>Source Files</Filter>
    </ClCompile>
    <ClCompile Include="src\RenderEngine\ChunkRenderer\Batch\ChunkBatch.cpp">
      <Filter>Source Files</Filter>
    </ClCompile>
    <ClCompile Include="src\Level\DataContainer\ChunkMapData.cpp">
      <Filter>Source Files</Filter>
    </ClCompile>
    <ClCompile Include="src\RenderEngine\ChunkRenderer\TerrainRenderer.cpp">
      <Filter>Source Files</Filter>
    </ClCompile>
    <ClCompile Include="src\Level\Timer\Timer.cpp">
      <Filter>Source Files</Filter>
    </ClCompile>
    <ClCompile Include="src\Level\Chunk\Block\Blocks.cpp">
      <Filter>Source Files</Filter>
    </ClCompile>
    <ClCompile Include="src\Level\Collusion\CollusionTest.cpp">
      <Filter>Source Files</Filter>
    </ClCompile>
    <ClCompile Include="src\Level\Event\BlockEventHandles\BlockHandles.cpp">
      <Filter>Source Files</Filter>
    </ClCompile>
    <ClCompile Include="src\Utils\Math\Probability\Probability.cpp">
      <Filter>Source Files</Filter>
    </ClCompile>
    <ClCompile Include="src\Level\Chunk\Block\Material\BlockMaterial.cpp">
      <Filter>Source Files</Filter>
    </ClCompile>
    <ClCompile Include="src\RenderEngine\EntityRenderer\Models\EntityModels.cpp">
      <Filter>Source Files</Filter>
    </ClCompile>
    <ClCompile Include="src\Level\Entity\Entity.cpp">
      <Filter>Source Files</Filter>
    </ClCompile>
    <ClCompile Include="src\Level\Entity\Entities.cpp">
      <Filter>Source Files</Filter>
    </ClCompile>
    <ClCompile Include="src\Level\Event\EntityEventHandles\EntityHandles.cpp">
      <Filter>Source Files</Filter>
    </ClCompile>
    <ClCompile Include="src\RenderEngine\EntityRenderer\MultiEntityRender.h">
      <Filter>Source Files</Filter>
    </ClCompile>
    <ClCompile Include="src\Core\Initializer.cpp">
      <Filter>Source Files</Filter>
    </ClCompile>
    <ClCompile Include="src\Level\Item\Items.cpp">
      <Filter>Source Files</Filter>
    </ClCompile>
    <ClCompile Include="src\Client\Player\MainPlayer.cpp">
      <Filter>Source Files</Filter>
    </ClCompile>
    <ClCompile Include="src\Client\Player\PlayerMovement.cpp">
      <Filter>Source Files</Filter>
    </ClCompile>
    <ClCompile Include="src\Client\Player\WorldInteraction.cpp">
      <Filter>Source Files</Filter>
    </ClCompile>
    <ClCompile Include="src\RenderEngine\EntityRenderer\EntityRenderCache.cpp">
      <Filter>Source Files</Filter>
    </ClCompile>
    <ClCompile Include="src\RenderEngine\EntityRenderer\MultiEntityRender.cpp">
      <Filter>Source Files</Filter>
    </ClCompile>
    <ClCompile Include="src\RenderEngine\EntityRenderer\EntityRenderUpdate.cpp">
      <Filter>Source Files</Filter>
    </ClCompile>
    <ClCompile Include="src\RenderEngine\GUI\GUI.cpp">
      <Filter>Source Files</Filter>
    </ClCompile>
    <ClCompile Include="src\Level\Event\ChunkEventHandles\ChunkHandles.cpp">
      <Filter>Source Files</Filter>
    </ClCompile>
    <ClCompile Include="src\RenderEngine\GUI\Font.cpp">
      <Filter>Source Files</Filter>
    </ClCompile>
    <ClCompile Include="src\Level\World\Collusion\WorldCollusion.cpp">
      <Filter>Source Files</Filter>
    </ClCompile>
    <ClCompile Include="src\Level\World\WorldDataAccess.cpp">
      <Filter>Source Files</Filter>
    </ClCompile>
    <ClCompile Include="src\Level\World\World.cpp">
      <Filter>Source Files</Filter>
    </ClCompile>
    <ClCompile Include="src\Level\World\WorldInteraction\WorldLoader.cpp">
      <Filter>Source Files</Filter>
    </ClCompile>
    <ClCompile Include="src\Core\Registry\ResourceLocation.cpp">
      <Filter>Source Files</Filter>
    </ClCompile>
    <ClCompile Include="src\Core\Options\Option.cpp">
      <Filter>Source Files</Filter>
    </ClCompile>
    <ClCompile Include="src\Client\IO\IO.cpp">
      <Filter>Source Files</Filter>
    </ClCompile>
    <ClCompile Include="src\FileManager\Files.cpp">
      <Filter>Source Files</Filter>
    </ClCompile>
    <ClCompile Include="src\Client\Render\DebugScreen\DebugScreen.cpp">
      <Filter>Source Files</Filter>
    </ClCompile>
    <ClCompile Include="src\Utils\Containers\BitStorage.cpp">
      <Filter>Source Files</Filter>
    </ClCompile>
    <ClCompile Include="src\Level\LevelLoader.cpp">
      <Filter>Source Files</Filter>
    </ClCompile>
    <ClCompile Include="src\Level\Level.cpp">
      <Filter>Source Files</Filter>
    </ClCompile>
    <ClCompile Include="src\Level\World\WorldInteraction\WorldInteractions.cpp">
      <Filter>Source Files</Filter>
    </ClCompile>
    <ClCompile Include="src\Level\TerrainGeneration\Structures\Structure.cpp">
      <Filter>Source Files</Filter>
    </ClCompile>
    <ClCompile Include="src\Level\TerrainGeneration\Random\JavaRandom.cpp">
      <Filter>Source Files</Filter>
    </ClCompile>
    <ClCompile Include="src\Level\TerrainGeneration\Generators\GeneratorType.cpp">
      <Filter>Source Files</Filter>
    </ClCompile>
    <ClCompile Include="src\Level\TerrainGeneration\Generators\Superflat\Superflat.cpp">
      <Filter>Source Files</Filter>
    </ClCompile>
    <ClCompile Include="src\Level\TerrainGeneration\Generators\Mountains\Mountains.cpp">
      <Filter>Source Files</Filter>
    </ClCompile>
    <ClCompile Include="src\Level\TerrainGeneration\Generators\Minecraft\Overworld.cpp">
      <Filter>Source Files</Filter>
    </ClCompile>
    <ClCompile Include="src\Level\TerrainGeneration\Generators\Minecraft\MinecraftTerrain.cpp">
      <Filter>Source Files</Filter>
    </ClCompile>
    <ClCompile Include="src\Level\TerrainGeneration\Generators\Math\MainWorld.cpp">
      <Filter>Source Files</Filter>
    </ClCompile>
    <ClCompile Include="src\Level\TerrainGeneration\Generators\FastTerrain\FastTerrain.cpp">
      <Filter>Source Files</Filter>
    </ClCompile>
    <ClCompile Include="src\Level\TerrainGeneration\Generators\DebugSecond\DebugSecond.cpp">
      <Filter>Source Files</Filter>
    </ClCompile>
    <ClCompile Include="src\Level\TerrainGeneration\Noisemaps\NoiseOctave.cpp">
      <Filter>Source Files</Filter>
    </ClCompile>
    <ClCompile Include="src\Level\TerrainGeneration\Noisemaps\Noisemap.cpp">
      <Filter>Source Files</Filter>
    </ClCompile>
    <ClCompile Include="src\Level\TerrainGeneration\Noisemaps\MinecraftNoiseGeneratorSimplex.cpp">
      <Filter>Source Files</Filter>
    </ClCompile>
    <ClCompile Include="src\Level\TerrainGeneration\Noisemaps\MinecraftNoiseGeneratorPerlin.cpp">
      <Filter>Source Files</Filter>
    </ClCompile>
    <ClCompile Include="src\Level\TerrainGeneration\Noisemaps\MinecraftNoiseGenerator.cpp">
      <Filter>Source Files</Filter>
    </ClCompile>
    <ClCompile Include="src\Level\TerrainGeneration\Biome\BiomeProperties.cpp">
      <Filter>Source Files</Filter>
    </ClCompile>
    <ClCompile Include="src\Level\Server\Server.cpp">
      <Filter>Source Files</Filter>
    </ClCompile>
    <ClCompile Include="src\Level\Server\Communication\InternalServer.cpp">
      <Filter>Source Files</Filter>
    </ClCompile>
    <ClCompile Include="src\Level\Lighting\LightEngine.cpp">
      <Filter>Source Files</Filter>
    </ClCompile>
    <ClCompile Include="src\Level\Item\ItemTextureAtlas.cpp">
      <Filter>Source Files</Filter>
    </ClCompile>
    <ClCompile Include="src\Level\Item\ItemStack.cpp">
      <Filter>Source Files</Filter>
    </ClCompile>
    <ClCompile Include="src\Level\Item\Item.cpp">
      <Filter>Source Files</Filter>
    </ClCompile>
    <ClCompile Include="src\Level\Item\Inventory\Inventory.cpp">
      <Filter>Source Files</Filter>
    </ClCompile>
    <ClCompile Include="src\Level\Event\EventSystem.cpp">
      <Filter>Source Files</Filter>
    </ClCompile>
    <ClCompile Include="src\Level\Event\EventHandler.cpp">
      <Filter>Source Files</Filter>
    </ClCompile>
    <ClCompile Include="src\Level\Chunk\Heightmap\Heightmap.cpp">
      <Filter>Source Files</Filter>
    </ClCompile>
    <ClCompile Include="src\RenderEngine\BlockModel\ModelLoader.cpp">
      <Filter>Source Files</Filter>
    </ClCompile>
    <ClCompile Include="src\RenderEngine\BlockModel\BlockModels.cpp">
      <Filter>Source Files</Filter>
    </ClCompile>
    <ClCompile Include="src\RenderEngine\ChunkRenderer\Mesh\ChunkMeshingV2.cpp">
      <Filter>Source Files</Filter>
    </ClCompile>
    <ClCompile Include="src\Level\TerrainGeneration\Generators\Debug\Debug.cpp">
      <Filter>Source Files</Filter>
    </ClCompile>
    <ClCompile Include="src\Client\Profiler\PerformanceProfiler.cpp">
      <Filter>Source Files</Filter>
    </ClCompile>
    <ClCompile Include="src\Level\Chunk\ChunkPos\ChunkPos.cpp">
      <Filter>Source Files</Filter>
    </ClCompile>
    <ClCompile Include="src\Level\TerrainGeneration\Generators\DebugPositioning\DebugPositioning.cpp">
      <Filter>Source Files</Filter>
    </ClCompile>
    <ClCompile Include="src\Client\Communication\ServerInteraction.cpp">
      <Filter>Source Files</Filter>
    </ClCompile>
    <ClCompile Include="src\Level\Chunk\TallChunk.cpp">
      <Filter>Source Files</Filter>
    </ClCompile>
    <ClCompile Include="src\Level\Chunk\ChunkColumn.cpp">
      <Filter>Source Files</Filter>
    </ClCompile>
    <ClCompile Include="src\Level\Entity\Type\Hostile.cpp">
      <Filter>Source Files</Filter>
    </ClCompile>
    <ClCompile Include="src\Level\Entity\Type\FallingBlock.cpp">
      <Filter>Source Files</Filter>
    </ClCompile>
    <ClCompile Include="src\Level\Entity\Type\Passive.cpp">
      <Filter>Source Files</Filter>
    </ClCompile>
    <ClCompile Include="src\Level\Chunk\Block\Texture\BlockTexture.cpp">
      <Filter>Source Files</Filter>
    </ClCompile>
    <ClCompile Include="src\Level\Chunk\Block\Type\GravityBlock.cpp">
      <Filter>Source Files</Filter>
    </ClCompile>
    <ClCompile Include="src\Level\Chunk\Block\Type\Grass.cpp">
      <Filter>Source Files</Filter>
    </ClCompile>
    <ClCompile Include="src\Level\Chunk\Block\Type\Fluid.cpp">
      <Filter>Source Files</Filter>
    </ClCompile>
    <ClCompile Include="src\Level\Chunk\Block\Type\Dirt.cpp">
      <Filter>Source Files</Filter>
    </ClCompile>
    <ClCompile Include="src\Level\Chunk\Block\Type\DefaultBlock.cpp">
      <Filter>Source Files</Filter>
    </ClCompile>
    <ClCompile Include="src\Level\Chunk\Lighting\ChunkLighting.cpp">
      <Filter>Source Files</Filter>
    </ClCompile>
    <ClCompile Include="src\Level\TerrainGeneration\Generators\Generator.cpp">
      <Filter>Source Files</Filter>
    </ClCompile>
    <ClCompile Include="src\Level\Chunk\Palette.cpp">
      <Filter>Source Files</Filter>
    </ClCompile>
    <ClCompile Include="src\Level\DataContainer\EntityContainer.cpp">
      <Filter>Source Files</Filter>
    </ClCompile>
    <ClCompile Include="src\RenderEngine\OpenGL\Texture\Texture.cpp">
      <Filter>Source Files</Filter>
    </ClCompile>
    <ClCompile Include="src\RenderEngine\OpenGL\Texture\Types\Texture2D.cpp">
      <Filter>Source Files</Filter>
    </ClCompile>
    <ClCompile Include="src\RenderEngine\OpenGL\Texture\Types\TextureArray.cpp">
      <Filter>Source Files</Filter>
    </ClCompile>
    <ClCompile Include="src\RenderEngine\OpenGL\Texture\Types\TextureAtlas.cpp">
      <Filter>Source Files</Filter>
    </ClCompile>
    <ClCompile Include="src\RenderEngine\OpenGL\Framebuffer\Framebuffer.cpp">
      <Filter>Source Files</Filter>
    </ClCompile>
    <ClCompile Include="src\RenderEngine\OpenGL\Buffers\BufferStorage.cpp">
      <Filter>Source Files</Filter>
    </ClCompile>
    <ClCompile Include="src\RenderEngine\OpenGL\Buffers\VertexArray.cpp">
      <Filter>Source Files</Filter>
    </ClCompile>
    <ClCompile Include="src\RenderEngine\ItemRender\BlockItemRender.cpp">
      <Filter>Source Files</Filter>
    </ClCompile>
    <ClCompile Include="src\RenderEngine\GUI\TextRenderer.cpp">
      <Filter>Source Files</Filter>
    </ClCompile>
    <ClCompile Include="src\RenderEngine\GUI\GUISet.cpp">
      <Filter>Source Files</Filter>
    </ClCompile>
    <ClCompile Include="src\RenderEngine\GUI\GUIObject.cpp">
      <Filter>Source Files</Filter>
    </ClCompile>
    <ClCompile Include="src\RenderEngine\ChunkRenderer\MemoryPool\ChunkMemoryPool.cpp">
      <Filter>Source Files</Filter>
    </ClCompile>
  </ItemGroup>
  <ItemGroup>
    <ClInclude Include="src\Level\Chunk\Chunk.h">
      <Filter>Header Files</Filter>
    </ClInclude>
    <ClInclude Include="src\Client\Client.h">
      <Filter>Header Files</Filter>
    </ClInclude>
    <ClInclude Include="src\Level\Chunk\Block\Block.h">
      <Filter>Header Files</Filter>
    </ClInclude>
    <ClInclude Include="src\Level\Chunk\Block\Blocks.h">
      <Filter>Header Files</Filter>
    </ClInclude>
    <ClInclude Include="src\Utils\LogUtils.h">
      <Filter>Header Files</Filter>
    </ClInclude>
    <ClInclude Include="src\Utils\Clock.h">
      <Filter>Header Files</Filter>
    </ClInclude>
    <ClInclude Include="src\Utils\FastNoiseLite.h">
      <Filter>Header Files</Filter>
    </ClInclude>
    <ClInclude Include="src\Utils\MathHelper.h">
      <Filter>Header Files</Filter>
    </ClInclude>
    <ClInclude Include="src\Utils\stb_image.h">
      <Filter>Header Files</Filter>
    </ClInclude>
    <ClInclude Include="src\Level\DataContainer\ChunkMapData.h">
      <Filter>Header Files</Filter>
    </ClInclude>
    <ClInclude Include="src\RenderEngine\Window.h">
      <Filter>Header Files</Filter>
    </ClInclude>
    <ClInclude Include="src\Level\Chunk\ChunkData.h">
      <Filter>Header Files</Filter>
    </ClInclude>
    <ClInclude Include="src\RenderEngine\Camera\camera.h">
      <Filter>Header Files</Filter>
    </ClInclude>
    <ClInclude Include="src\RenderEngine\ChunkRenderer\Mesh\BakedChunkMesh.h">
      <Filter>Header Files</Filter>
    </ClInclude>
    <ClInclude Include="src\RenderEngine\ChunkRenderer\Mesh\Mesher.h">
      <Filter>Header Files</Filter>
    </ClInclude>
    <ClInclude Include="src\RenderEngine\Frustum\frustum.h">
      <Filter>Header Files</Filter>
    </ClInclude>
    <ClInclude Include="src\RenderEngine\OpenGL\Buffers\Buffer.h">
      <Filter>Header Files</Filter>
    </ClInclude>
    <ClInclude Include="src\RenderEngine\OpenGL\Framebuffer\Framebuffer.h">
      <Filter>Header Files</Filter>
    </ClInclude>
    <ClInclude Include="src\RenderEngine\OpenGL\Shader\Shader.h">
      <Filter>Header Files</Filter>
    </ClInclude>
    <ClInclude Include="src\RenderEngine\OpenGL\Texture\Types\Texture2D.h">
      <Filter>Header Files</Filter>
    </ClInclude>
    <ClInclude Include="src\RenderEngine\OpenGL\Texture\Types\TextureArray.h">
      <Filter>Header Files</Filter>
    </ClInclude>
    <ClInclude Include="src\RenderEngine\OpenGL\Texture\ImageLoader.h">
      <Filter>Header Files</Filter>
    </ClInclude>
    <ClInclude Include="src\RenderEngine\OpenGL\Texture\Texture.h">
      <Filter>Header Files</Filter>
    </ClInclude>
    <ClInclude Include="src\RenderEngine\OpenGL\OpenGL.h">
      <Filter>Header Files</Filter>
    </ClInclude>
    <ClInclude Include="src\Level\Chunk\Block\Texture\BlockTexture.h">
      <Filter>Header Files</Filter>
    </ClInclude>
    <ClInclude Include="src\Client\Player.h">
      <Filter>Header Files</Filter>
    </ClInclude>
    <ClInclude Include="src\Client\Render\WorldRender.h">
      <Filter>Header Files</Filter>
    </ClInclude>
    <ClInclude Include="src\Utils\Math\Ray\Ray.h">
      <Filter>Header Files</Filter>
    </ClInclude>
    <ClInclude Include="src\Client\Render\PlayerPOV.h">
      <Filter>Header Files</Filter>
    </ClInclude>
    <ClInclude Include="src\Level\Entity\Entities.h">
      <Filter>Header Files</Filter>
    </ClInclude>
    <ClInclude Include="src\Level\Entity\Collusion\Hitbox.h">
      <Filter>Header Files</Filter>
    </ClInclude>
    <ClInclude Include="src\Level\Entity\Type\EntityType.h">
      <Filter>Header Files</Filter>
    </ClInclude>
    <ClInclude Include="src\Level\Entity\Entity.h">
      <Filter>Header Files</Filter>
    </ClInclude>
    <ClInclude Include="src\Level\TerrainGeneration\Generator.h">
      <Filter>Header Files</Filter>
    </ClInclude>
    <ClInclude Include="src\RenderEngine\EntityRenderer\Models\EntityModel.h">
      <Filter>Header Files</Filter>
    </ClInclude>
    <ClInclude Include="src\RenderEngine\ChunkRenderer\Batch\ChunkBatch.h">
      <Filter>Header Files</Filter>
    </ClInclude>
    <ClInclude Include="src\RenderEngine\ChunkRenderer\TerrainRenderer.h">
      <Filter>Header Files</Filter>
    </ClInclude>
    <ClInclude Include="src\Level\TerrainGeneration\Structures\Structure.h">
      <Filter>Header Files</Filter>
    </ClInclude>
    <ClInclude Include="src\RenderEngine\ChunkRenderer\Occulsion\Graph\Graph.h">
      <Filter>Header Files</Filter>
    </ClInclude>
    <ClInclude Include="src\Level\Chunk\Block\Type\Grass.h">
      <Filter>Header Files</Filter>
    </ClInclude>
    <ClInclude Include="src\Level\Timer\Timer.h">
      <Filter>Header Files</Filter>
    </ClInclude>
    <ClInclude Include="src\Utils\Math\vectorOperations.h">
      <Filter>Header Files</Filter>
    </ClInclude>
    <ClInclude Include="src\Level\Event\EventSystem.h">
      <Filter>Header Files</Filter>
    </ClInclude>
    <ClInclude Include="src\Level\Event\Event.h">
      <Filter>Header Files</Filter>
    </ClInclude>
    <ClInclude Include="src\Level\Event\EventHandler.h">
      <Filter>Header Files</Filter>
    </ClInclude>
    <ClInclude Include="src\Level\Chunk\Block\Type\Dirt.h">
      <Filter>Header Files</Filter>
    </ClInclude>
    <ClInclude Include="src\Level\Chunk\Block\Material\BlockMaterial.h">
      <Filter>Header Files</Filter>
    </ClInclude>
    <ClInclude Include="src\Level\Event\BlockEventHandles\BlockHandles.h">
      <Filter>Header Files</Filter>
    </ClInclude>
    <ClInclude Include="src\Utils\Math\Probability\Probability.h">
      <Filter>Header Files</Filter>
    </ClInclude>
    <ClInclude Include="src\Level\Chunk\Block\Type\Fluid.h">
      <Filter>Header Files</Filter>
    </ClInclude>
    <ClInclude Include="src\Level\Chunk\Block\Type\BlockTypes.h">
      <Filter>Header Files</Filter>
    </ClInclude>
    <ClInclude Include="src\Level\Entity\Properties\EntityProperties.h">
      <Filter>Header Files</Filter>
    </ClInclude>
    <ClInclude Include="src\RenderEngine\ChunkRenderer\Occulsion\Data\OcculsionData.h">
      <Filter>Header Files</Filter>
    </ClInclude>
    <ClInclude Include="src\RenderEngine\ChunkRenderer\Occulsion\Data\OcculsionDataManager.h">
      <Filter>Header Files</Filter>
    </ClInclude>
    <ClInclude Include="src\Level\DataContainer\EntityContainer.h">
      <Filter>Header Files</Filter>
    </ClInclude>
    <ClInclude Include="src\Level\Entity\Type\Passive.h">
      <Filter>Header Files</Filter>
    </ClInclude>
    <ClInclude Include="src\RenderEngine\EntityRenderer\EntityRenderCache.h">
      <Filter>Header Files</Filter>
    </ClInclude>
    <ClInclude Include="src\Level\Entity\Type\FallingBlock.h">
      <Filter>Header Files</Filter>
    </ClInclude>
    <ClInclude Include="src\Level\Entity\Type\Hostile.h">
      <Filter>Header Files</Filter>
    </ClInclude>
    <ClInclude Include="src\Level\Chunk\Block\Type\GravityBlock.h">
      <Filter>Header Files</Filter>
    </ClInclude>
    <ClInclude Include="src\Level\Event\EntityEventHandles\EntityHandles.h">
      <Filter>Header Files</Filter>
    </ClInclude>
    <ClInclude Include="src\Level\Typenames.h">
      <Filter>Header Files</Filter>
    </ClInclude>
    <ClInclude Include="src\Level\Entity\Type\Types.h">
      <Filter>Header Files</Filter>
    </ClInclude>
    <ClInclude Include="src\Level\Item\Inventory\Inventory.h">
      <Filter>Header Files</Filter>
    </ClInclude>
    <ClInclude Include="src\Client\Player\MainPlayer.h">
      <Filter>Header Files</Filter>
    </ClInclude>
    <ClInclude Include="src\Level\Item\Item.h">
      <Filter>Header Files</Filter>
    </ClInclude>
    <ClInclude Include="src\Level\Item\ItemStack.h">
      <Filter>Header Files</Filter>
    </ClInclude>
    <ClInclude Include="src\Level\Item\Type\BlockItem.h">
      <Filter>Header Files</Filter>
    </ClInclude>
    <ClInclude Include="src\Level\Item\Inventory\PlayerInventory.h">
      <Filter>Header Files</Filter>
    </ClInclude>
    <ClInclude Include="src\Level\Item\Items.h">
      <Filter>Header Files</Filter>
    </ClInclude>
    <ClInclude Include="src\Core\Initializer.h">
      <Filter>Header Files</Filter>
    </ClInclude>
    <ClInclude Include="src\Client\IO\IO.h">
      <Filter>Header Files</Filter>
    </ClInclude>
    <ClInclude Include="src\Client\IO\KEY_CODE.h">
      <Filter>Header Files</Filter>
    </ClInclude>
    <ClInclude Include="src\Client\Player\WorldInteraction.h">
      <Filter>Header Files</Filter>
    </ClInclude>
    <ClInclude Include="src\Level\Item\Inventory\EntityInventory.h">
      <Filter>Header Files</Filter>
    </ClInclude>
    <ClInclude Include="src\Client\Player\PlayerMovement.h">
      <Filter>Header Files</Filter>
    </ClInclude>
    <ClInclude Include="src\Client\Render\WorldRenderInfo.h">
      <Filter>Header Files</Filter>
    </ClInclude>
    <ClInclude Include="src\Level\Entity\Mobs\Player.h">
      <Filter>Header Files</Filter>
    </ClInclude>
    <ClInclude Include="src\RenderEngine\EntityRenderer\EntityRenderUpdate.h">
      <Filter>Header Files</Filter>
    </ClInclude>
    <ClInclude Include="src\RenderEngine\GUI\GUIObject.h">
      <Filter>Header Files</Filter>
    </ClInclude>
    <ClInclude Include="src\RenderEngine\GUI\GUI.h">
      <Filter>Header Files</Filter>
    </ClInclude>
    <ClInclude Include="src\RenderEngine\GUI\GUISet.h">
      <Filter>Header Files</Filter>
    </ClInclude>
    <ClInclude Include="src\Level\Item\ItemTextureAtlas.h">
      <Filter>Header Files</Filter>
    </ClInclude>
    <ClInclude Include="src\RenderEngine\ItemRender\BlockItemRender.h">
      <Filter>Header Files</Filter>
    </ClInclude>
    <ClInclude Include="src\Utils\Containers\BitStorage.h">
      <Filter>Header Files</Filter>
    </ClInclude>
    <ClInclude Include="src\RenderEngine\ChunkRenderer\MemoryPool\ChunkMemoryPool.h">
      <Filter>Header Files</Filter>
    </ClInclude>
    <ClInclude Include="src\Level\TerrainGeneration\Generators\Generator.h">
      <Filter>Header Files</Filter>
    </ClInclude>
    <ClInclude Include="src\Level\TerrainGeneration\Generators\Mountains\Mountains.h">
      <Filter>Header Files</Filter>
    </ClInclude>
    <ClInclude Include="src\Level\TerrainGeneration\Generators\Superflat\Superflat.h">
      <Filter>Header Files</Filter>
    </ClInclude>
    <ClInclude Include="src\Level\TerrainGeneration\Generators\FastTerrain\FastTerrain.h">
      <Filter>Header Files</Filter>
    </ClInclude>
    <ClInclude Include="src\Level\TerrainGeneration\Generators\Math\MathWorld.h">
      <Filter>Header Files</Filter>
    </ClInclude>
    <ClInclude Include="src\Level\TerrainGeneration\Generators\DebugSecond\DebugSecond.h">
      <Filter>Header Files</Filter>
    </ClInclude>
    <ClInclude Include="src\Level\TerrainGeneration\Generators\Generators.h">
      <Filter>Header Files</Filter>
    </ClInclude>
    <ClInclude Include="src\Level\TerrainGeneration\Generators\GeneratorType.h">
      <Filter>Header Files</Filter>
    </ClInclude>
    <ClInclude Include="src\FileManager\Files.h">
      <Filter>Header Files</Filter>
    </ClInclude>
    <ClInclude Include="src\Level\TerrainGeneration\Generators\Minecraft\MinecraftTerrain.h">
      <Filter>Header Files</Filter>
    </ClInclude>
    <ClInclude Include="src\Level\TerrainGeneration\Noisemaps\Noisemap.h">
      <Filter>Header Files</Filter>
    </ClInclude>
    <ClInclude Include="src\Level\TerrainGeneration\Noisemaps\TerrainParameters.h">
      <Filter>Header Files</Filter>
    </ClInclude>
    <ClInclude Include="src\Core\Options\Option.h">
      <Filter>Header Files</Filter>
    </ClInclude>
    <ClInclude Include="src\RenderEngine\ChunkRenderer\Batch\RenderCommandBuffer.h">
      <Filter>Header Files</Filter>
    </ClInclude>
    <ClInclude Include="src\RenderEngine\BlockModel\RectangularModel.h">
      <Filter>Header Files</Filter>
    </ClInclude>
    <ClInclude Include="src\RenderEngine\BlockModel\BlockModels.h">
      <Filter>Header Files</Filter>
    </ClInclude>
    <ClInclude Include="src\Core\Registry\Registry.h">
      <Filter>Header Files</Filter>
    </ClInclude>
    <ClInclude Include="src\Core\Registry\ResourceLocation.h">
      <Filter>Header Files</Filter>
    </ClInclude>
    <ClInclude Include="src\Level\Chunk\ChunkColumn.h">
      <Filter>Header Files</Filter>
    </ClInclude>
    <ClInclude Include="src\Level\TerrainGeneration\Noisemaps\NoiseOctave.h">
      <Filter>Header Files</Filter>
    </ClInclude>
    <ClInclude Include="src\Level\TerrainGeneration\Noisemaps\Noise.h">
      <Filter>Header Files</Filter>
    </ClInclude>
    <ClInclude Include="src\Level\TerrainGeneration\Noisemaps\MinecraftNoiseGenerator.h">
      <Filter>Header Files</Filter>
    </ClInclude>
    <ClInclude Include="src\Level\TerrainGeneration\Random\JavaRandom.h">
      <Filter>Header Files</Filter>
    </ClInclude>
    <ClInclude Include="src\Level\TerrainGeneration\Noisemaps\MinecraftNoiseGeneratorPerlin.h">
      <Filter>Header Files</Filter>
    </ClInclude>
    <ClInclude Include="src\Level\TerrainGeneration\Noisemaps\MinecraftNoiseGeneratorSimplex.h">
      <Filter>Header Files</Filter>
    </ClInclude>
    <ClInclude Include="src\Level\TerrainGeneration\Generators\Minecraft\Overworld.h">
      <Filter>Header Files</Filter>
    </ClInclude>
    <ClInclude Include="src\Level\Chunk\Lighting\ChunkLighting.h">
      <Filter>Header Files</Filter>
    </ClInclude>
    <ClInclude Include="src\Level\Event\ChunkEventHandles\ChunkHandles.h">
      <Filter>Header Files</Filter>
    </ClInclude>
    <ClInclude Include="src\RenderEngine\GUI\Font.h">
      <Filter>Header Files</Filter>
    </ClInclude>
    <ClInclude Include="src\RenderEngine\GUI\TextRenderer.h">
      <Filter>Header Files</Filter>
    </ClInclude>
    <ClInclude Include="src\Client\Render\DebugScreen\DebugScreen.h">
      <Filter>Header Files</Filter>
    </ClInclude>
    <ClInclude Include="src\Level\Level.h">
      <Filter>Header Files</Filter>
    </ClInclude>
    <ClInclude Include="src\Level\Dimension\Dimension.h">
      <Filter>Header Files</Filter>
    </ClInclude>
    <ClInclude Include="src\Level\World\World.h">
      <Filter>Header Files</Filter>
    </ClInclude>
    <ClInclude Include="src\Level\World\WorldDataAccess.h">
      <Filter>Header Files</Filter>
    </ClInclude>
    <ClInclude Include="src\Level\World\Collusion\WorldCollusion.h">
      <Filter>Header Files</Filter>
    </ClInclude>
    <ClInclude Include="src\Level\Dimension\DimensionProperties.h">
      <Filter>Header Files</Filter>
    </ClInclude>
    <ClInclude Include="src\Level\World\WorldInteraction\WorldInteractions.h">
      <Filter>Header Files</Filter>
    </ClInclude>
    <ClInclude Include="src\Level\World\WorldParameters.h">
      <Filter>Header Files</Filter>
    </ClInclude>
    <ClInclude Include="src\Level\World\WorldInteraction\WorldLoader.h">
      <Filter>Header Files</Filter>
    </ClInclude>
    <ClInclude Include="src\Level\Dimension\Dimensions\Overworld.h">
      <Filter>Header Files</Filter>
    </ClInclude>
    <ClInclude Include="src\Level\Server\Server.h">
      <Filter>Header Files</Filter>
    </ClInclude>
    <ClInclude Include="src\Level\Server\Communication\InternalServer.h">
      <Filter>Header Files</Filter>
    </ClInclude>
    <ClInclude Include="src\Level\LevelLoader.h">
      <Filter>Header Files</Filter>
    </ClInclude>
    <ClInclude Include="src\Level\Lighting\LightEngine.h">
      <Filter>Header Files</Filter>
    </ClInclude>
    <ClInclude Include="src\Level\TerrainGeneration\Biome\Biome.h">
      <Filter>Header Files</Filter>
    </ClInclude>
    <ClInclude Include="src\Level\TerrainGeneration\Biome\BiomeProperties.h">
      <Filter>Header Files</Filter>
    </ClInclude>
    <ClInclude Include="src\Level\Chunk\Heightmap\Heightmap.h">
      <Filter>Header Files</Filter>
    </ClInclude>
    <ClInclude Include="src\Level\TerrainGeneration\Biome\BiomeProvider.h">
      <Filter>Header Files</Filter>
    </ClInclude>
    <ClInclude Include="src\Level\TerrainGeneration\Biome\Biomes.h">
      <Filter>Header Files</Filter>
    </ClInclude>
    <ClInclude Include="src\Level\TerrainGeneration\Biome\BiomeType\BiomeBeach.h">
      <Filter>Header Files</Filter>
    </ClInclude>
    <ClInclude Include="src\Level\TerrainGeneration\Biome\BiomeType\BiomeDesert.h">
      <Filter>Header Files</Filter>
    </ClInclude>
    <ClInclude Include="src\Level\TerrainGeneration\Biome\BiomeType\BiomeEnd.h">
      <Filter>Header Files</Filter>
    </ClInclude>
    <ClInclude Include="src\Level\TerrainGeneration\Biome\BiomeType\BiomeForest.h">
      <Filter>Header Files</Filter>
    </ClInclude>
    <ClInclude Include="src\Level\TerrainGeneration\Biome\BiomeType\BiomeForestMutated.h">
      <Filter>Header Files</Filter>
    </ClInclude>
    <ClInclude Include="src\Level\TerrainGeneration\Biome\BiomeType\BiomeHell.h">
      <Filter>Header Files</Filter>
    </ClInclude>
    <ClInclude Include="src\Level\TerrainGeneration\Biome\BiomeType\BiomeHills.h">
      <Filter>Header Files</Filter>
    </ClInclude>
    <ClInclude Include="src\Level\TerrainGeneration\Biome\BiomeType\BiomeJungle.h">
      <Filter>Header Files</Filter>
    </ClInclude>
    <ClInclude Include="src\Level\TerrainGeneration\Biome\BiomeType\BiomeMesa.h">
      <Filter>Header Files</Filter>
    </ClInclude>
    <ClInclude Include="src\Level\TerrainGeneration\Biome\BiomeType\BiomeMushroomIsland.h">
      <Filter>Header Files</Filter>
    </ClInclude>
    <ClInclude Include="src\Level\TerrainGeneration\Biome\BiomeType\BiomeOcean.h">
      <Filter>Header Files</Filter>
    </ClInclude>
    <ClInclude Include="src\Level\TerrainGeneration\Biome\BiomeType\BiomePlains.h">
      <Filter>Header Files</Filter>
    </ClInclude>
    <ClInclude Include="src\Level\TerrainGeneration\Biome\BiomeType\BiomeRiver.h">
      <Filter>Header Files</Filter>
    </ClInclude>
    <ClInclude Include="src\Level\TerrainGeneration\Biome\BiomeType\BiomeSavanna.h">
      <Filter>Header Files</Filter>
    </ClInclude>
    <ClInclude Include="src\Level\TerrainGeneration\Biome\BiomeType\BiomeSavannaMutated.h">
      <Filter>Header Files</Filter>
    </ClInclude>
    <ClInclude Include="src\Level\TerrainGeneration\Biome\BiomeType\BiomeSnow.h">
      <Filter>Header Files</Filter>
    </ClInclude>
    <ClInclude Include="src\Level\TerrainGeneration\Biome\BiomeType\BiomeStoneBeach.h">
      <Filter>Header Files</Filter>
    </ClInclude>
    <ClInclude Include="src\Level\TerrainGeneration\Biome\BiomeType\BiomeSwamp.h">
      <Filter>Header Files</Filter>
    </ClInclude>
    <ClInclude Include="src\Level\TerrainGeneration\Biome\BiomeType\BiomeTaiga.h">
      <Filter>Header Files</Filter>
    </ClInclude>
    <ClInclude Include="src\Level\TerrainGeneration\Biome\BiomeType\BiomeVoid.h">
      <Filter>Header Files</Filter>
    </ClInclude>
    <ClInclude Include="src\Level\TerrainGeneration\GenLayer\CombineLayers.h">
      <Filter>Header Files</Filter>
    </ClInclude>
    <ClInclude Include="src\Level\TerrainGeneration\GenLayer\GenLayer.h">
      <Filter>Header Files</Filter>
    </ClInclude>
    <ClInclude Include="src\Level\TerrainGeneration\GenLayer\GenLayerAddIsland.h">
      <Filter>Header Files</Filter>
    </ClInclude>
    <ClInclude Include="src\Level\TerrainGeneration\GenLayer\GenLayerAddMushroomIsland.h">
      <Filter>Header Files</Filter>
    </ClInclude>
    <ClInclude Include="src\Level\TerrainGeneration\GenLayer\GenLayerAddSnow.h">
      <Filter>Header Files</Filter>
    </ClInclude>
    <ClInclude Include="src\Level\TerrainGeneration\GenLayer\GenLayerBiome.h">
      <Filter>Header Files</Filter>
    </ClInclude>
    <ClInclude Include="src\Level\TerrainGeneration\GenLayer\GenLayerBiomeEdge.h">
      <Filter>Header Files</Filter>
    </ClInclude>
    <ClInclude Include="src\Level\TerrainGeneration\GenLayer\GenLayerDeepOcean.h">
      <Filter>Header Files</Filter>
    </ClInclude>
    <ClInclude Include="src\Level\TerrainGeneration\GenLayer\GenLayerEdge.h">
      <Filter>Header Files</Filter>
    </ClInclude>
    <ClInclude Include="src\Level\TerrainGeneration\GenLayer\GenLayerFuzzyZoom.h">
      <Filter>Header Files</Filter>
    </ClInclude>
    <ClInclude Include="src\Level\TerrainGeneration\GenLayer\GenLayerHills.h">
      <Filter>Header Files</Filter>
    </ClInclude>
    <ClInclude Include="src\Level\TerrainGeneration\GenLayer\GenLayerIsland.h">
      <Filter>Header Files</Filter>
    </ClInclude>
    <ClInclude Include="src\Level\TerrainGeneration\GenLayer\GenLayerRareBiome.h">
      <Filter>Header Files</Filter>
    </ClInclude>
    <ClInclude Include="src\Level\TerrainGeneration\GenLayer\GenLayerRemoveTooMuchOcean.h">
      <Filter>Header Files</Filter>
    </ClInclude>
    <ClInclude Include="src\Level\TerrainGeneration\GenLayer\GenLayerRiver.h">
      <Filter>Header Files</Filter>
    </ClInclude>
    <ClInclude Include="src\Level\TerrainGeneration\GenLayer\GenLayerRiverInit.h">
      <Filter>Header Files</Filter>
    </ClInclude>
    <ClInclude Include="src\Level\TerrainGeneration\GenLayer\GenLayerRiverMix.h">
      <Filter>Header Files</Filter>
    </ClInclude>
    <ClInclude Include="src\Level\TerrainGeneration\GenLayer\GenLayerShore.h">
      <Filter>Header Files</Filter>
    </ClInclude>
    <ClInclude Include="src\Level\TerrainGeneration\GenLayer\GenLayerSmooth.h">
      <Filter>Header Files</Filter>
    </ClInclude>
    <ClInclude Include="src\Level\TerrainGeneration\GenLayer\GenLayerVoronoiZoom.h">
      <Filter>Header Files</Filter>
    </ClInclude>
    <ClInclude Include="src\Level\TerrainGeneration\GenLayer\GenLayerZoom.h">
      <Filter>Header Files</Filter>
    </ClInclude>
    <ClInclude Include="src\Level\TerrainGeneration\GenLayer\IntCache.h">
      <Filter>Header Files</Filter>
    </ClInclude>
    <ClInclude Include="src\Level\Chunk\TallChunk.h">
      <Filter>Header Files</Filter>
    </ClInclude>
    <ClInclude Include="src\Level\TerrainGeneration\MapGen\MapGenBase.h">
      <Filter>Header Files</Filter>
    </ClInclude>
    <ClInclude Include="src\Level\TerrainGeneration\MapGen\MapGenCaves.h">
      <Filter>Header Files</Filter>
    </ClInclude>
    <ClInclude Include="src\RenderEngine\BlockModel\ModelLoader.h">
      <Filter>Header Files</Filter>
    </ClInclude>
    <ClInclude Include="src\RenderEngine\ChunkRenderer\Mesh\ChunkMeshingV2.h">
      <Filter>Header Files</Filter>
    </ClInclude>
    <ClInclude Include="src\Level\TerrainGeneration\Generators\Debug\Debug.h">
      <Filter>Header Files</Filter>
    </ClInclude>
    <ClInclude Include="src\RenderEngine\OpenGL\Texture\Types\TextureAtlas.h">
      <Filter>Header Files</Filter>
    </ClInclude>
    <ClInclude Include="src\Client\Communication\ServerInteraction.h">
      <Filter>Header Files</Filter>
    </ClInclude>
    <ClInclude Include="src\Client\Profiler\PerformanceProfiler.h">
      <Filter>Header Files</Filter>
    </ClInclude>
    <ClInclude Include="src\Utils\Containers\FIFOQueue.h">
      <Filter>Header Files</Filter>
    </ClInclude>
    <ClInclude Include="src\Level\Chunk\ChunkPos\ChunkPos.h">
      <Filter>Header Files</Filter>
    </ClInclude>
    <ClInclude Include="src\Level\TerrainGeneration\Generators\DebugPositioning\DebugPositioning.h">
      <Filter>Header Files</Filter>
    </ClInclude>
    <ClInclude Include="src\Utils\ThreadPool.h">
      <Filter>Header Files</Filter>
    </ClInclude>
    <ClInclude Include="src\Utils\Containers\robin_hood.h">
      <Filter>Header Files</Filter>
    </ClInclude>
    <ClInclude Include="src\Level\Chunk\Palette.h">
      <Filter>Header Files</Filter>
    </ClInclude>
    <ClInclude Include="src\Utils\Containers\NBitVector.h">
      <Filter>Header Files</Filter>
    </ClInclude>
    <ClInclude Include="src\Utils\Containers\N2BitVector.h">
      <Filter>Header Files</Filter>
    </ClInclude>
    <ClInclude Include="src\Level\Chunk\Block\Type\DefaultBlock.h">
      <Filter>Header Files</Filter>
    </ClInclude>
    <ClInclude Include="src\Client\ClientLevel\ClientCache.h">
      <Filter>Header Files</Filter>
    </ClInclude>
    <ClInclude Include="src\Client\ClientLevel\ClientLevel.h">
      <Filter>Header Files</Filter>
    </ClInclude>
    <ClInclude Include="src\Client\ClientLevel\Entity\ClientEntities.h">
      <Filter>Header Files</Filter>
    </ClInclude>
    <ClInclude Include="src\Client\ClientLevel\Interface\IClientLevel.h">
      <Filter>Header Files</Filter>
    </ClInclude>
    <ClInclude Include="src\Level\Server\Interfaces\ServerInterface.h">
      <Filter>Header Files</Filter>
    </ClInclude>
    <ClInclude Include="src\Level\Server\Networking\Packet.h">
      <Filter>Header Files</Filter>
    </ClInclude>
    <ClInclude Include="src\Level\Server\Interfaces\InternalInterface.h">
      <Filter>Header Files</Filter>
    </ClInclude>
    <ClInclude Include="src\Utils\Containers\ConcurrentQueue.h">
      <Filter>Header Files</Filter>
    </ClInclude>
    <ClInclude Include="src\Level\Server\Interfaces\ClientInterface.h">
      <Filter>Header Files</Filter>
    </ClInclude>
    <ClInclude Include="src\RenderEngine\OpenGL\Buffers\BufferStorage.h">
      <Filter>Header Files</Filter>
    </ClInclude>
    <ClInclude Include="src\RenderEngine\OpenGL\Buffers\VertexArray.h">
      <Filter>Header Files</Filter>
    </ClInclude>
    <ClInclude Include="src\Level\Server\Networking\PlayerAction.h">
      <Filter>Header Files</Filter>
    </ClInclude>
    <ClInclude Include="src\Level\Server\Networking\EntityUpdate.h">
      <Filter>Header Files</Filter>
    </ClInclude>
    <ClInclude Include="src\Level\Server\Networking\BlockUpdate.h">
      <Filter>Header Files</Filter>
    </ClInclude>
    <ClInclude Include="src\Level\Server\Networking\ChunkUpdate.h">
      <Filter>Header Files</Filter>
    </ClInclude>
    <ClInclude Include="src\Level\Chunk\ChunkRawData.h">
      <Filter>Header Files</Filter>
    </ClInclude>
  </ItemGroup>
  <ItemGroup>
    <None Include="assets\shaders\frag.glsl" />
    <None Include="assets\shaders\vert.glsl" />
    <None Include="assets\BlockTextures.json" />
    <None Include="assets\EntityShape.json" />
    <None Include="assets\GUI.json" />
    <None Include="assets\shaders\screen\frag.glsl" />
    <None Include="assets\shaders\screen\vert.glsl" />
    <None Include="assets\shaders\ItemRender\AtlasStitchFrag.glsl" />
    <None Include="assets\shaders\ItemRender\AtlasStitchVert.glsl" />
    <None Include="assets\shaders\ItemRender\BlockModelFrag.glsl" />
    <None Include="assets\shaders\ItemRender\BlockModelVert.glsl" />
    <None Include="assets\shaders\GUI\GUIFrag.glsl" />
    <None Include="assets\shaders\GUI\GUIVert.glsl" />
    <None Include="assets\shaders\Font\FontBackgroundFrag.glsl" />
    <None Include="assets\shaders\Font\FontBackgroundVert.glsl" />
    <None Include="assets\shaders\Font\FontFrag.glsl" />
    <None Include="assets\shaders\Font\FontVert.glsl" />
    <None Include="assets\shaders\Entity\MultiEntityFrag.glsl" />
    <None Include="assets\shaders\Entity\MultiEntityVert.glsl" />
  </ItemGroup>
</Project>